// !$*UTF8*$!
{
	archiveVersion = 1;
	classes = {
	};
	objectVersion = 46;
	objects = {

/* Begin PBXBuildFile section */
		2C14A35B1DE0F852005F4FC9 /* CalculatorBrain.m in Sources */ = {isa = PBXBuildFile; fileRef = 2C14A35A1DE0F852005F4FC9 /* CalculatorBrain.m */; };
		2C5FC2C51DDCD72800C71577 /* main.m in Sources */ = {isa = PBXBuildFile; fileRef = 2C5FC2C41DDCD72800C71577 /* main.m */; };
		2C5FC2C81DDCD72800C71577 /* AppDelegate.m in Sources */ = {isa = PBXBuildFile; fileRef = 2C5FC2C71DDCD72800C71577 /* AppDelegate.m */; };
		2C5FC2CE1DDCD72800C71577 /* Main.storyboard in Resources */ = {isa = PBXBuildFile; fileRef = 2C5FC2CC1DDCD72800C71577 /* Main.storyboard */; };
		2C5FC2D01DDCD72800C71577 /* Assets.xcassets in Resources */ = {isa = PBXBuildFile; fileRef = 2C5FC2CF1DDCD72800C71577 /* Assets.xcassets */; };
		2C5FC2D31DDCD72800C71577 /* LaunchScreen.storyboard in Resources */ = {isa = PBXBuildFile; fileRef = 2C5FC2D11DDCD72800C71577 /* LaunchScreen.storyboard */; };
		2C5FC2DC1DDCD7A100C71577 /* CalculatorBrainViewController.m in Sources */ = {isa = PBXBuildFile; fileRef = 2C5FC2DB1DDCD7A100C71577 /* CalculatorBrainViewController.m */; };
/* End PBXBuildFile section */

/* Begin PBXFileReference section */
		2C14A3591DE0F852005F4FC9 /* CalculatorBrain.h */ = {isa = PBXFileReference; fileEncoding = 4; lastKnownFileType = sourcecode.c.h; path = CalculatorBrain.h; sourceTree = "<group>"; };
		2C14A35A1DE0F852005F4FC9 /* CalculatorBrain.m */ = {isa = PBXFileReference; fileEncoding = 4; lastKnownFileType = sourcecode.c.objc; path = CalculatorBrain.m; sourceTree = "<group>"; };
		2C5FC2C01DDCD72800C71577 /* Calculator.app */ = {isa = PBXFileReference; explicitFileType = wrapper.application; includeInIndex = 0; path = Calculator.app; sourceTree = BUILT_PRODUCTS_DIR; };
		2C5FC2C41DDCD72800C71577 /* main.m */ = {isa = PBXFileReference; lastKnownFileType = sourcecode.c.objc; path = main.m; sourceTree = "<group>"; };
		2C5FC2C61DDCD72800C71577 /* AppDelegate.h */ = {isa = PBXFileReference; lastKnownFileType = sourcecode.c.h; path = AppDelegate.h; sourceTree = "<group>"; };
		2C5FC2C71DDCD72800C71577 /* AppDelegate.m */ = {isa = PBXFileReference; lastKnownFileType = sourcecode.c.objc; path = AppDelegate.m; sourceTree = "<group>"; };
		2C5FC2CD1DDCD72800C71577 /* Base */ = {isa = PBXFileReference; lastKnownFileType = file.storyboard; name = Base; path = Base.lproj/Main.storyboard; sourceTree = "<group>"; };
		2C5FC2CF1DDCD72800C71577 /* Assets.xcassets */ = {isa = PBXFileReference; lastKnownFileType = folder.assetcatalog; path = Assets.xcassets; sourceTree = "<group>"; };
		2C5FC2D21DDCD72800C71577 /* Base */ = {isa = PBXFileReference; lastKnownFileType = file.storyboard; name = Base; path = Base.lproj/LaunchScreen.storyboard; sourceTree = "<group>"; };
		2C5FC2D41DDCD72800C71577 /* Info.plist */ = {isa = PBXFileReference; lastKnownFileType = text.plist.xml; path = Info.plist; sourceTree = "<group>"; };
		2C5FC2DA1DDCD7A100C71577 /* CalculatorBrainViewController.h */ = {isa = PBXFileReference; fileEncoding = 4; lastKnownFileType = sourcecode.c.h; path = CalculatorBrainViewController.h; sourceTree = "<group>"; };
		2C5FC2DB1DDCD7A100C71577 /* CalculatorBrainViewController.m */ = {isa = PBXFileReference; fileEncoding = 4; lastKnownFileType = sourcecode.c.objc; path = CalculatorBrainViewController.m; sourceTree = "<group>"; };
/* End PBXFileReference section */

/* Begin PBXFrameworksBuildPhase section */
		2C5FC2BD1DDCD72800C71577 /* Frameworks */ = {
			isa = PBXFrameworksBuildPhase;
			buildActionMask = 2147483647;
			files = (
			);
			runOnlyForDeploymentPostprocessing = 0;
		};
/* End PBXFrameworksBuildPhase section */

/* Begin PBXGroup section */
		2C5FC2B71DDCD72800C71577 = {
			isa = PBXGroup;
			children = (
				2C5FC2C21DDCD72800C71577 /* Calculator */,
				2C5FC2C11DDCD72800C71577 /* Products */,
			);
			sourceTree = "<group>";
		};
		2C5FC2C11DDCD72800C71577 /* Products */ = {
			isa = PBXGroup;
			children = (
				2C5FC2C01DDCD72800C71577 /* Calculator.app */,
			);
			name = Products;
			sourceTree = "<group>";
		};
		2C5FC2C21DDCD72800C71577 /* Calculator */ = {
			isa = PBXGroup;
			children = (
				2C5FC2C61DDCD72800C71577 /* AppDelegate.h */,
				2C5FC2C71DDCD72800C71577 /* AppDelegate.m */,
				2C14A3591DE0F852005F4FC9 /* CalculatorBrain.h */,
				2C14A35A1DE0F852005F4FC9 /* CalculatorBrain.m */,
				2C5FC2DA1DDCD7A100C71577 /* CalculatorBrainViewController.h */,
				2C5FC2DB1DDCD7A100C71577 /* CalculatorBrainViewController.m */,
				2C5FC2CC1DDCD72800C71577 /* Main.storyboard */,
				2C5FC2CF1DDCD72800C71577 /* Assets.xcassets */,
				2C5FC2D11DDCD72800C71577 /* LaunchScreen.storyboard */,
				2C5FC2D41DDCD72800C71577 /* Info.plist */,
				2C5FC2C31DDCD72800C71577 /* Supporting Files */,
			);
			path = Calculator;
			sourceTree = "<group>";
		};
		2C5FC2C31DDCD72800C71577 /* Supporting Files */ = {
			isa = PBXGroup;
			children = (
				2C5FC2C41DDCD72800C71577 /* main.m */,
			);
			name = "Supporting Files";
			sourceTree = "<group>";
		};
/* End PBXGroup section */

/* Begin PBXNativeTarget section */
		2C5FC2BF1DDCD72800C71577 /* Calculator */ = {
			isa = PBXNativeTarget;
			buildConfigurationList = 2C5FC2D71DDCD72800C71577 /* Build configuration list for PBXNativeTarget "Calculator" */;
			buildPhases = (
				2C5FC2BC1DDCD72800C71577 /* Sources */,
				2C5FC2BD1DDCD72800C71577 /* Frameworks */,
				2C5FC2BE1DDCD72800C71577 /* Resources */,
			);
			buildRules = (
			);
			dependencies = (
			);
			name = Calculator;
			productName = Calculator;
			productReference = 2C5FC2C01DDCD72800C71577 /* Calculator.app */;
			productType = "com.apple.product-type.application";
		};
/* End PBXNativeTarget section */

/* Begin PBXProject section */
		2C5FC2B81DDCD72800C71577 /* Project object */ = {
			isa = PBXProject;
			attributes = {
				LastUpgradeCheck = 0810;
				ORGANIZATIONNAME = "The Iron Yard";
				TargetAttributes = {
					2C5FC2BF1DDCD72800C71577 = {
						CreatedOnToolsVersion = 8.1;
						ProvisioningStyle = Automatic;
					};
				};
			};
			buildConfigurationList = 2C5FC2BB1DDCD72800C71577 /* Build configuration list for PBXProject "Calculator" */;
			compatibilityVersion = "Xcode 3.2";
			developmentRegion = English;
			hasScannedForEncodings = 0;
			knownRegions = (
				en,
				Base,
			);
			mainGroup = 2C5FC2B71DDCD72800C71577;
			productRefGroup = 2C5FC2C11DDCD72800C71577 /* Products */;
			projectDirPath = "";
			projectRoot = "";
			targets = (
				2C5FC2BF1DDCD72800C71577 /* Calculator */,
			);
		};
/* End PBXProject section */

/* Begin PBXResourcesBuildPhase section */
		2C5FC2BE1DDCD72800C71577 /* Resources */ = {
			isa = PBXResourcesBuildPhase;
			buildActionMask = 2147483647;
			files = (
				2C5FC2D31DDCD72800C71577 /* LaunchScreen.storyboard in Resources */,
				2C5FC2D01DDCD72800C71577 /* Assets.xcassets in Resources */,
				2C5FC2CE1DDCD72800C71577 /* Main.storyboard in Resources */,
			);
			runOnlyForDeploymentPostprocessing = 0;
		};
/* End PBXResourcesBuildPhase section */

/* Begin PBXSourcesBuildPhase section */
		2C5FC2BC1DDCD72800C71577 /* Sources */ = {
			isa = PBXSourcesBuildPhase;
			buildActionMask = 2147483647;
			files = (
				2C5FC2C81DDCD72800C71577 /* AppDelegate.m in Sources */,
				2C5FC2C51DDCD72800C71577 /* main.m in Sources */,
				2C14A35B1DE0F852005F4FC9 /* CalculatorBrain.m in Sources */,
				2C5FC2DC1DDCD7A100C71577 /* CalculatorBrainViewController.m in Sources */,
			);
			runOnlyForDeploymentPostprocessing = 0;
		};
/* End PBXSourcesBuildPhase section */

/* Begin PBXVariantGroup section */
		2C5FC2CC1DDCD72800C71577 /* Main.storyboard */ = {
			isa = PBXVariantGroup;
			children = (
				2C5FC2CD1DDCD72800C71577 /* Base */,
			);
			name = Main.storyboard;
			sourceTree = "<group>";
		};
		2C5FC2D11DDCD72800C71577 /* LaunchScreen.storyboard */ = {
			isa = PBXVariantGroup;
			children = (
				2C5FC2D21DDCD72800C71577 /* Base */,
			);
			name = LaunchScreen.storyboard;
			sourceTree = "<group>";
		};
/* End PBXVariantGroup section */

/* Begin XCBuildConfiguration section */
		2C5FC2D51DDCD72800C71577 /* Debug */ = {
			isa = XCBuildConfiguration;
			buildSettings = {
				ALWAYS_SEARCH_USER_PATHS = NO;
				CLANG_ANALYZER_NONNULL = YES;
				CLANG_CXX_LANGUAGE_STANDARD = "gnu++0x";
				CLANG_CXX_LIBRARY = "libc++";
				CLANG_ENABLE_MODULES = YES;
				CLANG_ENABLE_OBJC_ARC = YES;
				CLANG_WARN_BOOL_CONVERSION = YES;
				CLANG_WARN_CONSTANT_CONVERSION = YES;
				CLANG_WARN_DIRECT_OBJC_ISA_USAGE = YES_ERROR;
				CLANG_WARN_DOCUMENTATION_COMMENTS = YES;
				CLANG_WARN_EMPTY_BODY = YES;
				CLANG_WARN_ENUM_CONVERSION = YES;
				CLANG_WARN_INFINITE_RECURSION = YES;
				CLANG_WARN_INT_CONVERSION = YES;
				CLANG_WARN_OBJC_ROOT_CLASS = YES_ERROR;
				CLANG_WARN_SUSPICIOUS_MOVES = YES;
				CLANG_WARN_UNREACHABLE_CODE = YES;
				CLANG_WARN__DUPLICATE_METHOD_MATCH = YES;
				"CODE_SIGN_IDENTITY[sdk=iphoneos*]" = "iPhone Developer";
				COPY_PHASE_STRIP = NO;
				DEBUG_INFORMATION_FORMAT = dwarf;
				ENABLE_STRICT_OBJC_MSGSEND = YES;
				ENABLE_TESTABILITY = YES;
				GCC_C_LANGUAGE_STANDARD = gnu99;
				GCC_DYNAMIC_NO_PIC = NO;
				GCC_NO_COMMON_BLOCKS = YES;
				GCC_OPTIMIZATION_LEVEL = 0;
				GCC_PREPROCESSOR_DEFINITIONS = (
					"DEBUG=1",
					"$(inherited)",
				);
				GCC_WARN_64_TO_32_BIT_CONVERSION = YES;
				GCC_WARN_ABOUT_RETURN_TYPE = YES_ERROR;
				GCC_WARN_UNDECLARED_SELECTOR = YES;
				GCC_WARN_UNINITIALIZED_AUTOS = YES_AGGRESSIVE;
				GCC_WARN_UNUSED_FUNCTION = YES;
				GCC_WARN_UNUSED_VARIABLE = YES;
				IPHONEOS_DEPLOYMENT_TARGET = 10.1;
				MTL_ENABLE_DEBUG_INFO = YES;
				ONLY_ACTIVE_ARCH = YES;
				SDKROOT = iphoneos;
			};
			name = Debug;
		};
		2C5FC2D61DDCD72800C71577 /* Release */ = {
			isa = XCBuildConfiguration;
			buildSettings = {
				ALWAYS_SEARCH_USER_PATHS = NO;
				CLANG_ANALYZER_NONNULL = YES;
				CLANG_CXX_LANGUAGE_STANDARD = "gnu++0x";
				CLANG_CXX_LIBRARY = "libc++";
				CLANG_ENABLE_MODULES = YES;
				CLANG_ENABLE_OBJC_ARC = YES;
				CLANG_WARN_BOOL_CONVERSION = YES;
				CLANG_WARN_CONSTANT_CONVERSION = YES;
				CLANG_WARN_DIRECT_OBJC_ISA_USAGE = YES_ERROR;
				CLANG_WARN_DOCUMENTATION_COMMENTS = YES;
				CLANG_WARN_EMPTY_BODY = YES;
				CLANG_WARN_ENUM_CONVERSION = YES;
				CLANG_WARN_INFINITE_RECURSION = YES;
				CLANG_WARN_INT_CONVERSION = YES;
				CLANG_WARN_OBJC_ROOT_CLASS = YES_ERROR;
				CLANG_WARN_SUSPICIOUS_MOVES = YES;
				CLANG_WARN_UNREACHABLE_CODE = YES;
				CLANG_WARN__DUPLICATE_METHOD_MATCH = YES;
				"CODE_SIGN_IDENTITY[sdk=iphoneos*]" = "iPhone Developer";
				COPY_PHASE_STRIP = NO;
				DEBUG_INFORMATION_FORMAT = "dwarf-with-dsym";
				ENABLE_NS_ASSERTIONS = NO;
				ENABLE_STRICT_OBJC_MSGSEND = YES;
				GCC_C_LANGUAGE_STANDARD = gnu99;
				GCC_NO_COMMON_BLOCKS = YES;
				GCC_WARN_64_TO_32_BIT_CONVERSION = YES;
				GCC_WARN_ABOUT_RETURN_TYPE = YES_ERROR;
				GCC_WARN_UNDECLARED_SELECTOR = YES;
				GCC_WARN_UNINITIALIZED_AUTOS = YES_AGGRESSIVE;
				GCC_WARN_UNUSED_FUNCTION = YES;
				GCC_WARN_UNUSED_VARIABLE = YES;
				IPHONEOS_DEPLOYMENT_TARGET = 10.1;
				MTL_ENABLE_DEBUG_INFO = NO;
				SDKROOT = iphoneos;
				VALIDATE_PRODUCT = YES;
			};
			name = Release;
		};
		2C5FC2D81DDCD72800C71577 /* Debug */ = {
			isa = XCBuildConfiguration;
			buildSettings = {
				ASSETCATALOG_COMPILER_APPICON_NAME = AppIcon;
				INFOPLIST_FILE = Calculator/Info.plist;
				LD_RUNPATH_SEARCH_PATHS = "$(inherited) @executable_path/Frameworks";
				PRODUCT_BUNDLE_IDENTIFIER = com.tiy.Calculator;
				PRODUCT_NAME = "$(TARGET_NAME)";
			};
			name = Debug;
		};
		2C5FC2D91DDCD72800C71577 /* Release */ = {
			isa = XCBuildConfiguration;
			buildSettings = {
				ASSETCATALOG_COMPILER_APPICON_NAME = AppIcon;
				INFOPLIST_FILE = Calculator/Info.plist;
				LD_RUNPATH_SEARCH_PATHS = "$(inherited) @executable_path/Frameworks";
				PRODUCT_BUNDLE_IDENTIFIER = com.tiy.Calculator;
				PRODUCT_NAME = "$(TARGET_NAME)";
			};
			name = Release;
		};
/* End XCBuildConfiguration section */

/* Begin XCConfigurationList section */
		2C5FC2BB1DDCD72800C71577 /* Build configuration list for PBXProject "Calculator" */ = {
			isa = XCConfigurationList;
			buildConfigurations = (
				2C5FC2D51DDCD72800C71577 /* Debug */,
				2C5FC2D61DDCD72800C71577 /* Release */,
			);
			defaultConfigurationIsVisible = 0;
			defaultConfigurationName = Release;
		};
		2C5FC2D71DDCD72800C71577 /* Build configuration list for PBXNativeTarget "Calculator" */ = {
			isa = XCConfigurationList;
			buildConfigurations = (
				2C5FC2D81DDCD72800C71577 /* Debug */,
				2C5FC2D91DDCD72800C71577 /* Release */,
			);
			defaultConfigurationIsVisible = 0;
			defaultConfigurationName = Release;
		};
/* End XCConfigurationList section */
	};
	rootObject = 2C5FC2B81DDCD72800C71577 /* Project object */;
}
